// !$*UTF8*$!
{
	archiveVersion = 1;
	classes = {
	};
	objectVersion = 50;
	objects = {

/* Begin PBXBuildFile section */
		7F45D2402551E0A700563F4F /* EditItemView.swift in Sources */ = {isa = PBXBuildFile; fileRef = 7F45D23F2551E0A700563F4F /* EditItemView.swift */; };
		7F45D2442551EA1C00563F4F /* ItemRowView.swift in Sources */ = {isa = PBXBuildFile; fileRef = 7F45D2432551EA1C00563F4F /* ItemRowView.swift */; };
		7F45D247255209B200563F4F /* Binding-OnChange.swift in Sources */ = {isa = PBXBuildFile; fileRef = 7F45D246255209B200563F4F /* Binding-OnChange.swift */; };
		7F45D24C255212AE00563F4F /* ProjectHeaderView.swift in Sources */ = {isa = PBXBuildFile; fileRef = 7F45D24B255212AE00563F4F /* ProjectHeaderView.swift */; };
		7F45D2502552173300563F4F /* Colors.xcassets in Resources */ = {isa = PBXBuildFile; fileRef = 7F45D24F2552173300563F4F /* Colors.xcassets */; };
		7F45D2542553452900563F4F /* EditProjectView.swift in Sources */ = {isa = PBXBuildFile; fileRef = 7F45D2532553452900563F4F /* EditProjectView.swift */; };
		7F483FDB2549FC1C00DC3888 /* HomeView.swift in Sources */ = {isa = PBXBuildFile; fileRef = 7F483FDA2549FC1C00DC3888 /* HomeView.swift */; };
		7F483FDF2549FEA400DC3888 /* ProjectsView.swift in Sources */ = {isa = PBXBuildFile; fileRef = 7F483FDE2549FEA400DC3888 /* ProjectsView.swift */; };
		7F7E6CB2254A43A700B8E854 /* Item-CoreDataHelper.swift in Sources */ = {isa = PBXBuildFile; fileRef = 7F7E6CB1254A43A700B8E854 /* Item-CoreDataHelper.swift */; };
		7F7E6CB6254A48E500B8E854 /* Project-CoreDataHelpers.swift in Sources */ = {isa = PBXBuildFile; fileRef = 7F7E6CB5254A48E500B8E854 /* Project-CoreDataHelpers.swift */; };
		7FEE2AE72547997300B05609 /* SwiftYooAiApp.swift in Sources */ = {isa = PBXBuildFile; fileRef = 7FEE2AE62547997300B05609 /* SwiftYooAiApp.swift */; };
		7FEE2AE92547997300B05609 /* ContentView.swift in Sources */ = {isa = PBXBuildFile; fileRef = 7FEE2AE82547997300B05609 /* ContentView.swift */; };
		7FEE2AEB2547997600B05609 /* Assets.xcassets in Resources */ = {isa = PBXBuildFile; fileRef = 7FEE2AEA2547997600B05609 /* Assets.xcassets */; };
		7FEE2AEE2547997600B05609 /* Preview Assets.xcassets in Resources */ = {isa = PBXBuildFile; fileRef = 7FEE2AED2547997600B05609 /* Preview Assets.xcassets */; };
		7FEE2AF92548A90B00B05609 /* Main.xcdatamodeld in Sources */ = {isa = PBXBuildFile; fileRef = 7FEE2AF72548A90B00B05609 /* Main.xcdatamodeld */; };
		7FEE2AFC2548B8BD00B05609 /* DataController.swift in Sources */ = {isa = PBXBuildFile; fileRef = 7FEE2AFB2548B8BD00B05609 /* DataController.swift */; };
/* End PBXBuildFile section */

/* Begin PBXFileReference section */
		7F45D23F2551E0A700563F4F /* EditItemView.swift */ = {isa = PBXFileReference; lastKnownFileType = sourcecode.swift; path = EditItemView.swift; sourceTree = "<group>"; };
		7F45D2432551EA1C00563F4F /* ItemRowView.swift */ = {isa = PBXFileReference; lastKnownFileType = sourcecode.swift; path = ItemRowView.swift; sourceTree = "<group>"; };
		7F45D246255209B200563F4F /* Binding-OnChange.swift */ = {isa = PBXFileReference; lastKnownFileType = sourcecode.swift; path = "Binding-OnChange.swift"; sourceTree = "<group>"; };
		7F45D24B255212AE00563F4F /* ProjectHeaderView.swift */ = {isa = PBXFileReference; lastKnownFileType = sourcecode.swift; path = ProjectHeaderView.swift; sourceTree = "<group>"; };
		7F45D24F2552173300563F4F /* Colors.xcassets */ = {isa = PBXFileReference; lastKnownFileType = folder.assetcatalog; path = Colors.xcassets; sourceTree = "<group>"; };
		7F45D2532553452900563F4F /* EditProjectView.swift */ = {isa = PBXFileReference; lastKnownFileType = sourcecode.swift; path = EditProjectView.swift; sourceTree = "<group>"; };
		7F483FD52549FAAD00DC3888 /* SwiftYooAi.entitlements */ = {isa = PBXFileReference; lastKnownFileType = text.plist.entitlements; path = SwiftYooAi.entitlements; sourceTree = "<group>"; };
		7F483FDA2549FC1C00DC3888 /* HomeView.swift */ = {isa = PBXFileReference; lastKnownFileType = sourcecode.swift; path = HomeView.swift; sourceTree = "<group>"; };
		7F483FDE2549FEA400DC3888 /* ProjectsView.swift */ = {isa = PBXFileReference; lastKnownFileType = sourcecode.swift; path = ProjectsView.swift; sourceTree = "<group>"; };
		7F7E6CB1254A43A700B8E854 /* Item-CoreDataHelper.swift */ = {isa = PBXFileReference; lastKnownFileType = sourcecode.swift; path = "Item-CoreDataHelper.swift"; sourceTree = "<group>"; };
		7F7E6CB5254A48E500B8E854 /* Project-CoreDataHelpers.swift */ = {isa = PBXFileReference; lastKnownFileType = sourcecode.swift; path = "Project-CoreDataHelpers.swift"; sourceTree = "<group>"; };
		7FEE2AE32547997300B05609 /* SwiftYooAi.app */ = {isa = PBXFileReference; explicitFileType = wrapper.application; includeInIndex = 0; path = SwiftYooAi.app; sourceTree = BUILT_PRODUCTS_DIR; };
		7FEE2AE62547997300B05609 /* SwiftYooAiApp.swift */ = {isa = PBXFileReference; lastKnownFileType = sourcecode.swift; path = SwiftYooAiApp.swift; sourceTree = "<group>"; };
		7FEE2AE82547997300B05609 /* ContentView.swift */ = {isa = PBXFileReference; lastKnownFileType = sourcecode.swift; path = ContentView.swift; sourceTree = "<group>"; };
		7FEE2AEA2547997600B05609 /* Assets.xcassets */ = {isa = PBXFileReference; lastKnownFileType = folder.assetcatalog; path = Assets.xcassets; sourceTree = "<group>"; };
		7FEE2AED2547997600B05609 /* Preview Assets.xcassets */ = {isa = PBXFileReference; lastKnownFileType = folder.assetcatalog; path = "Preview Assets.xcassets"; sourceTree = "<group>"; };
		7FEE2AEF2547997600B05609 /* Info.plist */ = {isa = PBXFileReference; lastKnownFileType = text.plist.xml; path = Info.plist; sourceTree = "<group>"; };
		7FEE2AF82548A90B00B05609 /* Main.xcdatamodel */ = {isa = PBXFileReference; lastKnownFileType = wrapper.xcdatamodel; path = Main.xcdatamodel; sourceTree = "<group>"; };
		7FEE2AFB2548B8BD00B05609 /* DataController.swift */ = {isa = PBXFileReference; lastKnownFileType = sourcecode.swift; path = DataController.swift; sourceTree = "<group>"; };
/* End PBXFileReference section */

/* Begin PBXFrameworksBuildPhase section */
		7FEE2AE02547997300B05609 /* Frameworks */ = {
			isa = PBXFrameworksBuildPhase;
			buildActionMask = 2147483647;
			files = (
			);
			runOnlyForDeploymentPostprocessing = 0;
		};
/* End PBXFrameworksBuildPhase section */

/* Begin PBXGroup section */
		7FEE2ADA2547997300B05609 = {
			isa = PBXGroup;
			children = (
				7FEE2AE42547997300B05609 /* Products */,
				7FEE2AE52547997300B05609 /* SwiftYooAi */,
			);
			sourceTree = "<group>";
		};
		7FEE2AE42547997300B05609 /* Products */ = {
			isa = PBXGroup;
			children = (
				7FEE2AE32547997300B05609 /* SwiftYooAi.app */,
			);
			name = Products;
			sourceTree = "<group>";
		};
		7FEE2AE52547997300B05609 /* SwiftYooAi */ = {
			isa = PBXGroup;
			children = (
				7F483FD52549FAAD00DC3888 /* SwiftYooAi.entitlements */,
				7FEE2AEF2547997600B05609 /* Info.plist */,
				7F45D246255209B200563F4F /* Binding-OnChange.swift */,
				7FEE2AE82547997300B05609 /* ContentView.swift */,
				7FEE2AFB2548B8BD00B05609 /* DataController.swift */,
				7F45D23F2551E0A700563F4F /* EditItemView.swift */,
				7F45D2532553452900563F4F /* EditProjectView.swift */,
				7F483FDA2549FC1C00DC3888 /* HomeView.swift */,
				7F7E6CB1254A43A700B8E854 /* Item-CoreDataHelper.swift */,
				7F45D2432551EA1C00563F4F /* ItemRowView.swift */,
				7F7E6CB5254A48E500B8E854 /* Project-CoreDataHelpers.swift */,
				7F45D24B255212AE00563F4F /* ProjectHeaderView.swift */,
				7F483FDE2549FEA400DC3888 /* ProjectsView.swift */,
				7FEE2AE62547997300B05609 /* SwiftYooAiApp.swift */,
				7FEE2AEA2547997600B05609 /* Assets.xcassets */,
				7F45D24F2552173300563F4F /* Colors.xcassets */,
				7FEE2AF72548A90B00B05609 /* Main.xcdatamodeld */,
				7FEE2AEC2547997600B05609 /* Preview Content */,
			);
			path = SwiftYooAi;
			sourceTree = "<group>";
		};
		7FEE2AEC2547997600B05609 /* Preview Content */ = {
			isa = PBXGroup;
			children = (
				7FEE2AED2547997600B05609 /* Preview Assets.xcassets */,
			);
			path = "Preview Content";
			sourceTree = "<group>";
		};
/* End PBXGroup section */

/* Begin PBXNativeTarget section */
		7FEE2AE22547997300B05609 /* SwiftYooAi */ = {
			isa = PBXNativeTarget;
			buildConfigurationList = 7FEE2AF22547997600B05609 /* Build configuration list for PBXNativeTarget "SwiftYooAi" */;
			buildPhases = (
				7FEE2ADF2547997300B05609 /* Sources */,
				7FEE2AE02547997300B05609 /* Frameworks */,
				7FEE2AE12547997300B05609 /* Resources */,
			);
			buildRules = (
			);
			dependencies = (
			);
			name = SwiftYooAi;
			productName = SwiftYooAi;
			productReference = 7FEE2AE32547997300B05609 /* SwiftYooAi.app */;
			productType = "com.apple.product-type.application";
		};
/* End PBXNativeTarget section */

/* Begin PBXProject section */
		7FEE2ADB2547997300B05609 /* Project object */ = {
			isa = PBXProject;
			attributes = {
				LastSwiftUpdateCheck = 1210;
				LastUpgradeCheck = 1210;
				TargetAttributes = {
					7FEE2AE22547997300B05609 = {
						CreatedOnToolsVersion = 12.1;
					};
				};
			};
			buildConfigurationList = 7FEE2ADE2547997300B05609 /* Build configuration list for PBXProject "SwiftYooAi" */;
			compatibilityVersion = "Xcode 9.3";
			developmentRegion = en;
			hasScannedForEncodings = 0;
			knownRegions = (
				en,
				Base,
			);
			mainGroup = 7FEE2ADA2547997300B05609;
			productRefGroup = 7FEE2AE42547997300B05609 /* Products */;
			projectDirPath = "";
			projectRoot = "";
			targets = (
				7FEE2AE22547997300B05609 /* SwiftYooAi */,
			);
		};
/* End PBXProject section */

/* Begin PBXResourcesBuildPhase section */
		7FEE2AE12547997300B05609 /* Resources */ = {
			isa = PBXResourcesBuildPhase;
			buildActionMask = 2147483647;
			files = (
				7F45D2502552173300563F4F /* Colors.xcassets in Resources */,
				7FEE2AEE2547997600B05609 /* Preview Assets.xcassets in Resources */,
				7FEE2AEB2547997600B05609 /* Assets.xcassets in Resources */,
			);
			runOnlyForDeploymentPostprocessing = 0;
		};
/* End PBXResourcesBuildPhase section */

/* Begin PBXSourcesBuildPhase section */
		7FEE2ADF2547997300B05609 /* Sources */ = {
			isa = PBXSourcesBuildPhase;
			buildActionMask = 2147483647;
			files = (
				7F483FDF2549FEA400DC3888 /* ProjectsView.swift in Sources */,
				7F45D24C255212AE00563F4F /* ProjectHeaderView.swift in Sources */,
				7FEE2AF92548A90B00B05609 /* Main.xcdatamodeld in Sources */,
				7F7E6CB6254A48E500B8E854 /* Project-CoreDataHelpers.swift in Sources */,
				7F45D2542553452900563F4F /* EditProjectView.swift in Sources */,
				7F7E6CB2254A43A700B8E854 /* Item-CoreDataHelper.swift in Sources */,
				7F45D2442551EA1C00563F4F /* ItemRowView.swift in Sources */,
				7FEE2AFC2548B8BD00B05609 /* DataController.swift in Sources */,
				7F45D247255209B200563F4F /* Binding-OnChange.swift in Sources */,
				7FEE2AE92547997300B05609 /* ContentView.swift in Sources */,
				7F483FDB2549FC1C00DC3888 /* HomeView.swift in Sources */,
				7FEE2AE72547997300B05609 /* SwiftYooAiApp.swift in Sources */,
				7F45D2402551E0A700563F4F /* EditItemView.swift in Sources */,
			);
			runOnlyForDeploymentPostprocessing = 0;
		};
/* End PBXSourcesBuildPhase section */

/* Begin XCBuildConfiguration section */
		7FEE2AF02547997600B05609 /* Debug */ = {
			isa = XCBuildConfiguration;
			buildSettings = {
				ALWAYS_SEARCH_USER_PATHS = NO;
				CLANG_ANALYZER_NONNULL = YES;
				CLANG_ANALYZER_NUMBER_OBJECT_CONVERSION = YES_AGGRESSIVE;
				CLANG_CXX_LANGUAGE_STANDARD = "gnu++14";
				CLANG_CXX_LIBRARY = "libc++";
				CLANG_ENABLE_MODULES = YES;
				CLANG_ENABLE_OBJC_ARC = YES;
				CLANG_ENABLE_OBJC_WEAK = YES;
				CLANG_WARN_BLOCK_CAPTURE_AUTORELEASING = YES;
				CLANG_WARN_BOOL_CONVERSION = YES;
				CLANG_WARN_COMMA = YES;
				CLANG_WARN_CONSTANT_CONVERSION = YES;
				CLANG_WARN_DEPRECATED_OBJC_IMPLEMENTATIONS = YES;
				CLANG_WARN_DIRECT_OBJC_ISA_USAGE = YES_ERROR;
				CLANG_WARN_DOCUMENTATION_COMMENTS = YES;
				CLANG_WARN_EMPTY_BODY = YES;
				CLANG_WARN_ENUM_CONVERSION = YES;
				CLANG_WARN_INFINITE_RECURSION = YES;
				CLANG_WARN_INT_CONVERSION = YES;
				CLANG_WARN_NON_LITERAL_NULL_CONVERSION = YES;
				CLANG_WARN_OBJC_IMPLICIT_RETAIN_SELF = YES;
				CLANG_WARN_OBJC_LITERAL_CONVERSION = YES;
				CLANG_WARN_OBJC_ROOT_CLASS = YES_ERROR;
				CLANG_WARN_QUOTED_INCLUDE_IN_FRAMEWORK_HEADER = YES;
				CLANG_WARN_RANGE_LOOP_ANALYSIS = YES;
				CLANG_WARN_STRICT_PROTOTYPES = YES;
				CLANG_WARN_SUSPICIOUS_MOVE = YES;
				CLANG_WARN_UNGUARDED_AVAILABILITY = YES_AGGRESSIVE;
				CLANG_WARN_UNREACHABLE_CODE = YES;
				CLANG_WARN__DUPLICATE_METHOD_MATCH = YES;
				COPY_PHASE_STRIP = NO;
				DEBUG_INFORMATION_FORMAT = dwarf;
				ENABLE_STRICT_OBJC_MSGSEND = YES;
				ENABLE_TESTABILITY = YES;
				GCC_C_LANGUAGE_STANDARD = gnu11;
				GCC_DYNAMIC_NO_PIC = NO;
				GCC_NO_COMMON_BLOCKS = YES;
				GCC_OPTIMIZATION_LEVEL = 0;
				GCC_PREPROCESSOR_DEFINITIONS = (
					"DEBUG=1",
					"$(inherited)",
				);
				GCC_WARN_64_TO_32_BIT_CONVERSION = YES;
				GCC_WARN_ABOUT_RETURN_TYPE = YES_ERROR;
				GCC_WARN_UNDECLARED_SELECTOR = YES;
				GCC_WARN_UNINITIALIZED_AUTOS = YES_AGGRESSIVE;
				GCC_WARN_UNUSED_FUNCTION = YES;
				GCC_WARN_UNUSED_VARIABLE = YES;
				IPHONEOS_DEPLOYMENT_TARGET = 14.1;
				MTL_ENABLE_DEBUG_INFO = INCLUDE_SOURCE;
				MTL_FAST_MATH = YES;
				ONLY_ACTIVE_ARCH = YES;
				SDKROOT = iphoneos;
				SWIFT_ACTIVE_COMPILATION_CONDITIONS = DEBUG;
				SWIFT_OPTIMIZATION_LEVEL = "-Onone";
			};
			name = Debug;
		};
		7FEE2AF12547997600B05609 /* Release */ = {
			isa = XCBuildConfiguration;
			buildSettings = {
				ALWAYS_SEARCH_USER_PATHS = NO;
				CLANG_ANALYZER_NONNULL = YES;
				CLANG_ANALYZER_NUMBER_OBJECT_CONVERSION = YES_AGGRESSIVE;
				CLANG_CXX_LANGUAGE_STANDARD = "gnu++14";
				CLANG_CXX_LIBRARY = "libc++";
				CLANG_ENABLE_MODULES = YES;
				CLANG_ENABLE_OBJC_ARC = YES;
				CLANG_ENABLE_OBJC_WEAK = YES;
				CLANG_WARN_BLOCK_CAPTURE_AUTORELEASING = YES;
				CLANG_WARN_BOOL_CONVERSION = YES;
				CLANG_WARN_COMMA = YES;
				CLANG_WARN_CONSTANT_CONVERSION = YES;
				CLANG_WARN_DEPRECATED_OBJC_IMPLEMENTATIONS = YES;
				CLANG_WARN_DIRECT_OBJC_ISA_USAGE = YES_ERROR;
				CLANG_WARN_DOCUMENTATION_COMMENTS = YES;
				CLANG_WARN_EMPTY_BODY = YES;
				CLANG_WARN_ENUM_CONVERSION = YES;
				CLANG_WARN_INFINITE_RECURSION = YES;
				CLANG_WARN_INT_CONVERSION = YES;
				CLANG_WARN_NON_LITERAL_NULL_CONVERSION = YES;
				CLANG_WARN_OBJC_IMPLICIT_RETAIN_SELF = YES;
				CLANG_WARN_OBJC_LITERAL_CONVERSION = YES;
				CLANG_WARN_OBJC_ROOT_CLASS = YES_ERROR;
				CLANG_WARN_QUOTED_INCLUDE_IN_FRAMEWORK_HEADER = YES;
				CLANG_WARN_RANGE_LOOP_ANALYSIS = YES;
				CLANG_WARN_STRICT_PROTOTYPES = YES;
				CLANG_WARN_SUSPICIOUS_MOVE = YES;
				CLANG_WARN_UNGUARDED_AVAILABILITY = YES_AGGRESSIVE;
				CLANG_WARN_UNREACHABLE_CODE = YES;
				CLANG_WARN__DUPLICATE_METHOD_MATCH = YES;
				COPY_PHASE_STRIP = NO;
				DEBUG_INFORMATION_FORMAT = "dwarf-with-dsym";
				ENABLE_NS_ASSERTIONS = NO;
				ENABLE_STRICT_OBJC_MSGSEND = YES;
				GCC_C_LANGUAGE_STANDARD = gnu11;
				GCC_NO_COMMON_BLOCKS = YES;
				GCC_WARN_64_TO_32_BIT_CONVERSION = YES;
				GCC_WARN_ABOUT_RETURN_TYPE = YES_ERROR;
				GCC_WARN_UNDECLARED_SELECTOR = YES;
				GCC_WARN_UNINITIALIZED_AUTOS = YES_AGGRESSIVE;
				GCC_WARN_UNUSED_FUNCTION = YES;
				GCC_WARN_UNUSED_VARIABLE = YES;
				IPHONEOS_DEPLOYMENT_TARGET = 14.1;
				MTL_ENABLE_DEBUG_INFO = NO;
				MTL_FAST_MATH = YES;
				SDKROOT = iphoneos;
				SWIFT_COMPILATION_MODE = wholemodule;
				SWIFT_OPTIMIZATION_LEVEL = "-O";
				VALIDATE_PRODUCT = YES;
			};
			name = Release;
		};
		7FEE2AF32547997600B05609 /* Debug */ = {
			isa = XCBuildConfiguration;
			buildSettings = {
				ASSETCATALOG_COMPILER_APPICON_NAME = AppIcon;
				ASSETCATALOG_COMPILER_GLOBAL_ACCENT_COLOR_NAME = AccentColor;
				CODE_SIGN_ENTITLEMENTS = SwiftYooAi/SwiftYooAi.entitlements;
				CODE_SIGN_STYLE = Automatic;
				DEVELOPMENT_ASSET_PATHS = "\"SwiftYooAi/Preview Content\"";
				DEVELOPMENT_TEAM = X9R5C2P2ZJ;
				ENABLE_PREVIEWS = YES;
				INFOPLIST_FILE = SwiftYooAi/Info.plist;
				IPHONEOS_DEPLOYMENT_TARGET = 14.0;
				LD_RUNPATH_SEARCH_PATHS = (
					"$(inherited)",
					"@executable_path/Frameworks",
				);
				PRODUCT_BUNDLE_IDENTIFIER = com.zacharyoxendine.SwiftYooAi;
				PRODUCT_NAME = "$(TARGET_NAME)";
				SWIFT_VERSION = 5.0;
				TARGETED_DEVICE_FAMILY = "1,2";
			};
			name = Debug;
		};
		7FEE2AF42547997600B05609 /* Release */ = {
			isa = XCBuildConfiguration;
			buildSettings = {
				ASSETCATALOG_COMPILER_APPICON_NAME = AppIcon;
				ASSETCATALOG_COMPILER_GLOBAL_ACCENT_COLOR_NAME = AccentColor;
				CODE_SIGN_ENTITLEMENTS = SwiftYooAi/SwiftYooAi.entitlements;
				CODE_SIGN_STYLE = Automatic;
				DEVELOPMENT_ASSET_PATHS = "\"SwiftYooAi/Preview Content\"";
				DEVELOPMENT_TEAM = X9R5C2P2ZJ;
				ENABLE_PREVIEWS = YES;
				INFOPLIST_FILE = SwiftYooAi/Info.plist;
				IPHONEOS_DEPLOYMENT_TARGET = 14.0;
				LD_RUNPATH_SEARCH_PATHS = (
					"$(inherited)",
					"@executable_path/Frameworks",
				);
				PRODUCT_BUNDLE_IDENTIFIER = com.zacharyoxendine.SwiftYooAi;
				PRODUCT_NAME = "$(TARGET_NAME)";
				SWIFT_VERSION = 5.0;
				TARGETED_DEVICE_FAMILY = "1,2";
			};
			name = Release;
		};
/* End XCBuildConfiguration section */

/* Begin XCConfigurationList section */
		7FEE2ADE2547997300B05609 /* Build configuration list for PBXProject "SwiftYooAi" */ = {
			isa = XCConfigurationList;
			buildConfigurations = (
				7FEE2AF02547997600B05609 /* Debug */,
				7FEE2AF12547997600B05609 /* Release */,
			);
			defaultConfigurationIsVisible = 0;
			defaultConfigurationName = Release;
		};
		7FEE2AF22547997600B05609 /* Build configuration list for PBXNativeTarget "SwiftYooAi" */ = {
			isa = XCConfigurationList;
			buildConfigurations = (
				7FEE2AF32547997600B05609 /* Debug */,
				7FEE2AF42547997600B05609 /* Release */,
			);
			defaultConfigurationIsVisible = 0;
			defaultConfigurationName = Release;
		};
/* End XCConfigurationList section */

/* Begin XCVersionGroup section */
		7FEE2AF72548A90B00B05609 /* Main.xcdatamodeld */ = {
			isa = XCVersionGroup;
			children = (
				7FEE2AF82548A90B00B05609 /* Main.xcdatamodel */,
			);
			currentVersion = 7FEE2AF82548A90B00B05609 /* Main.xcdatamodel */;
			path = Main.xcdatamodeld;
			sourceTree = "<group>";
			versionGroupType = wrapper.xcdatamodel;
		};
/* End XCVersionGroup section */
	};
	rootObject = 7FEE2ADB2547997300B05609 /* Project object */;
}
